
Microsoft Visual Studio Solution File, Format Version 12.00
# Visual Studio 2012
Project("{FAE04EC0-301F-11D3-BF4B-00C04F79EFBC}") = "calculator", "calculator\calculator.csproj", "{64ED795C-285E-43D3-A0E5-0A1FB3D3B05A}"
EndProject
Project("{FAE04EC0-301F-11D3-BF4B-00C04F79EFBC}") = "UnitTestProject1", "UnitTestProject1\UnitTestProject1.csproj", "{EDB806E1-F50D-4D8A-9B29-410C2EC12BD6}"
EndProject
Global
	GlobalSection(SolutionConfigurationPlatforms) = preSolution
		Debug|Any CPU = Debug|Any CPU
		Release|Any CPU = Release|Any CPU
	EndGlobalSection
	GlobalSection(ProjectConfigurationPlatforms) = postSolution
		{64ED795C-285E-43D3-A0E5-0A1FB3D3B05A}.Debug|Any CPU.ActiveCfg = Debug|Any CPU
		{64ED795C-285E-43D3-A0E5-0A1FB3D3B05A}.Debug|Any CPU.Build.0 = Debug|Any CPU
		{64ED795C-285E-43D3-A0E5-0A1FB3D3B05A}.Release|Any CPU.ActiveCfg = Release|Any CPU
		{64ED795C-285E-43D3-A0E5-0A1FB3D3B05A}.Release|Any CPU.Build.0 = Release|Any CPU
		{EDB806E1-F50D-4D8A-9B29-410C2EC12BD6}.Debug|Any CPU.ActiveCfg = Debug|Any CPU
		{EDB806E1-F50D-4D8A-9B29-410C2EC12BD6}.Debug|Any CPU.Build.0 = Debug|Any CPU
		{EDB806E1-F50D-4D8A-9B29-410C2EC12BD6}.Release|Any CPU.ActiveCfg = Release|Any CPU
		{EDB806E1-F50D-4D8A-9B29-410C2EC12BD6}.Release|Any CPU.Build.0 = Release|Any CPU
	EndGlobalSection
	GlobalSection(SolutionProperties) = preSolution
		HideSolutionNode = FALSE
	EndGlobalSection
EndGlobal
