
Microsoft Visual Studio Solution File, Format Version 12.00
# Visual Studio 2012
Project("{FAE04EC0-301F-11D3-BF4B-00C04F79EFBC}") = "gridViewConcept", "gridViewConcept\gridViewConcept.csproj", "{8672B8D9-F442-4C16-A359-CEB94840E5AB}"
EndProject
Global
	GlobalSection(SolutionConfigurationPlatforms) = preSolution
		Debug|Any CPU = Debug|Any CPU
		Release|Any CPU = Release|Any CPU
	EndGlobalSection
	GlobalSection(ProjectConfigurationPlatforms) = postSolution
		{8672B8D9-F442-4C16-A359-CEB94840E5AB}.Debug|Any CPU.ActiveCfg = Debug|Any CPU
		{8672B8D9-F442-4C16-A359-CEB94840E5AB}.Debug|Any CPU.Build.0 = Debug|Any CPU
		{8672B8D9-F442-4C16-A359-CEB94840E5AB}.Release|Any CPU.ActiveCfg = Release|Any CPU
		{8672B8D9-F442-4C16-A359-CEB94840E5AB}.Release|Any CPU.Build.0 = Release|Any CPU
	EndGlobalSection
	GlobalSection(SolutionProperties) = preSolution
		HideSolutionNode = FALSE
	EndGlobalSection
EndGlobal
