
Microsoft Visual Studio Solution File, Format Version 12.00
# Visual Studio 2012
Project("{FAE04EC0-301F-11D3-BF4B-00C04F79EFBC}") = "gridViewTask", "gridView\gridViewTask.csproj", "{06091A7C-41A1-42EF-8801-C9D355D1E9EE}"
EndProject
Global
	GlobalSection(SolutionConfigurationPlatforms) = preSolution
		Debug|Any CPU = Debug|Any CPU
		Release|Any CPU = Release|Any CPU
	EndGlobalSection
	GlobalSection(ProjectConfigurationPlatforms) = postSolution
		{06091A7C-41A1-42EF-8801-C9D355D1E9EE}.Debug|Any CPU.ActiveCfg = Debug|Any CPU
		{06091A7C-41A1-42EF-8801-C9D355D1E9EE}.Debug|Any CPU.Build.0 = Debug|Any CPU
		{06091A7C-41A1-42EF-8801-C9D355D1E9EE}.Release|Any CPU.ActiveCfg = Release|Any CPU
		{06091A7C-41A1-42EF-8801-C9D355D1E9EE}.Release|Any CPU.Build.0 = Release|Any CPU
	EndGlobalSection
	GlobalSection(SolutionProperties) = preSolution
		HideSolutionNode = FALSE
	EndGlobalSection
EndGlobal
